	<Project xmlns="http://schemas.microsoft.com/developer/msbuild/2003">
		<PropertyGroup>
			<ProjectGuid>{D40C5D07-235D-4AD2-B1FA-3D6B0B2AE49D}</ProjectGuid>
			<ProjectVersion>12.0</ProjectVersion>
			<MainSource>SMITH.dpr</MainSource>
			<Config Condition="'$(Config)'==''">Debug</Config>
			<DCC_DCCCompiler>DCC32</DCC_DCCCompiler>
		</PropertyGroup>
		<PropertyGroup Condition="'$(Config)'=='Base' or '$(Base)'!=''">
			<Base>true</Base>
		</PropertyGroup>
		<PropertyGroup Condition="'$(Config)'=='Release' or '$(Cfg_1)'!=''">
			<Cfg_1>true</Cfg_1>
			<CfgParent>Base</CfgParent>
			<Base>true</Base>
		</PropertyGroup>
		<PropertyGroup Condition="'$(Config)'=='Debug' or '$(Cfg_2)'!=''">
			<Cfg_2>true</Cfg_2>
			<CfgParent>Base</CfgParent>
			<Base>true</Base>
		</PropertyGroup>
		<PropertyGroup Condition="'$(Base)'!=''">
			<DCC_UnitSearchPath>C:\Users\Clare\Documents\Rad Studio\Projets\eppttest;$(DCC_UnitSearchPath)</DCC_UnitSearchPath>
			<DCC_Define>Main;$(DCC_Define)</DCC_Define>
			<DCC_GenerateStackFrames>true</DCC_GenerateStackFrames>
			<DCC_IntegerOverflowCheck>true</DCC_IntegerOverflowCheck>
			<ImageDebugInfo>true</ImageDebugInfo>
			<DCC_DebugInfoInExe>true</DCC_DebugInfoInExe>
			<DCC_RangeChecking>true</DCC_RangeChecking>
			<DCC_Optimize>false</DCC_Optimize>
			<DCC_DebugDCUs>true</DCC_DebugDCUs>
			<DCC_UsePackage>vclx;vcl;vclimg;dbrtl;rtl;vclactnband;vcldb;xmlrtl;dsnap;dsnapcon;IndyCore;IndySystem;IndyProtocols;inet;intrawebdb_100_140;Intraweb_100_140;vclie;inetdb;webdsnap;websnap;inetdbbde;inetdbxpress;soaprtl;DbxCommonDriver;DbxClientDriver;DBXInterBaseDriver;DBXMySQLDriver;dbexpress;dbxcds;IBO40FTS_D2010;IBO40TRT_D2010;IBO40CRT_D2010;IBO40RPL_D2010;IBO40ART_D2010;IBO40VRT_D2010;IBO40FRT_D2010;IBO40XRT_D2010;IBO40WRT_D2010;IBO40WXDT_D2010;IBO40WXRT_D2010;IBO40WSRT_D2010;SmithComponents;VclSmp;dclOfficeXP</DCC_UsePackage>
			<DCC_ExeOutput>output\</DCC_ExeOutput>
			<BRCC_IncludePath>C:\Users\Clare\Documents\Rad Studio\Projets\Components\Debug;$(BRCC_IncludePath)</BRCC_IncludePath>
			<DCC_DependencyCheckOutputName>output\SMITH.exe</DCC_DependencyCheckOutputName>
			<DCC_ImageBase>00400000</DCC_ImageBase>
			<DCC_UnitAlias>WinTypes=Windows;WinProcs=Windows;DbiTypes=BDE;DbiProcs=BDE;DbiErrs=BDE;$(DCC_UnitAlias)</DCC_UnitAlias>
			<DCC_Platform>x86</DCC_Platform>
			<DCC_E>false</DCC_E>
			<DCC_N>false</DCC_N>
			<DCC_S>false</DCC_S>
			<DCC_F>false</DCC_F>
			<DCC_K>false</DCC_K>
		</PropertyGroup>
		<PropertyGroup Condition="'$(Cfg_1)'!=''">
			<DCC_Optimize>true</DCC_Optimize>
			<DCC_LocalDebugSymbols>false</DCC_LocalDebugSymbols>
			<DCC_Define>RELEASE;$(DCC_Define)</DCC_Define>
			<DCC_SymbolReferenceInfo>0</DCC_SymbolReferenceInfo>
			<DCC_DebugInformation>false</DCC_DebugInformation>
		</PropertyGroup>
		<PropertyGroup Condition="'$(Cfg_2)'!=''">
			<DCC_Define>DEBUG;$(DCC_Define)</DCC_Define>
		</PropertyGroup>
		<ItemGroup>
			<DelphiCompile Include="SMITH.dpr">
				<MainSource>MainSource</MainSource>
			</DelphiCompile>
			<DCCReference Include="IMSMain.pas">
				<Form>iMSHomeForm</Form>
			</DCCReference>
			<DCCReference Include="Books.pas">
				<Form>BooksForm</Form>
			</DCCReference>
			<DCCReference Include="BPPrint.pas">
				<Form>BPPrintForm</Form>
			</DCCReference>
			<DCCReference Include="BookConcepts.pas"/>
			<DCCReference Include="IMSData.pas">
				<Form>IMSDM</Form>
				<DesignClass>TDataModule</DesignClass>
			</DCCReference>
			<DCCReference Include="OrganismSelect.pas">
				<Form>OrganismSelectForm</Form>
			</DCCReference>
			<DCCReference Include="EUPlants.pas">
				<Form>EUPlantsForm</Form>
			</DCCReference>
			<DCCReference Include="PlantCardEditor.pas">
				<Form>PlantCardEditForm</Form>
			</DCCReference>
			<DCCReference Include="ForayConcepts.pas"/>
			<DCCReference Include="ueppt.pas"/>
			<DCCReference Include="OrgNameSelect.pas">
				<Form>OrgNameSelectForm</Form>
			</DCCReference>
			<DCCReference Include="Refs.pas">
				<Form>BookRefsForm</Form>
			</DCCReference>
			<DCCReference Include="OrganismEdit.pas">
				<Form>OrganismEditForm</Form>
			</DCCReference>
			<DCCReference Include="JPEMain.pas">
				<Form>JPEditorForm</Form>
			</DCCReference>
			<DCCReference Include="Forays.pas">
				<Form>ForayForm</Form>
			</DCCReference>
			<DCCReference Include="Finds.pas">
				<Form>FindsForm</Form>
			</DCCReference>
			<DCCReference Include="OrganismConcepts.pas"/>
			<DCCReference Include="Admin.pas">
				<Form>AdminForm</Form>
			</DCCReference>
			<DCCReference Include="EUDMain.pas">
				<Form>EUMainForm</Form>
			</DCCReference>
			<DCCReference Include="OrgNameReview.pas">
				<Form>OrgNameReviewForm</Form>
			</DCCReference>
			<BuildConfiguration Include="Base">
				<Key>Base</Key>
			</BuildConfiguration>
			<BuildConfiguration Include="Debug">
				<Key>Cfg_2</Key>
				<CfgParent>Base</CfgParent>
			</BuildConfiguration>
			<BuildConfiguration Include="Release">
				<Key>Cfg_1</Key>
				<CfgParent>Base</CfgParent>
			</BuildConfiguration>
		</ItemGroup>
		<Import Project="$(BDS)\Bin\CodeGear.Delphi.Targets" Condition="Exists('$(BDS)\Bin\CodeGear.Delphi.Targets')"/>
		<ProjectExtensions>
			<Borland.Personality>Delphi.Personality.12</Borland.Personality>
			<Borland.ProjectType/>
			<BorlandProject>
				<Delphi.Personality>
					<Parameters>
						<Parameters Name="UseLauncher">False</Parameters>
						<Parameters Name="LoadAllSymbols">True</Parameters>
						<Parameters Name="LoadUnspecifiedSymbols">False</Parameters>
						<Parameters Name="DebugSourceDirs">C:\Users\Clare\Documents\Rad Studio\Projets\Components\</Parameters>
					</Parameters>
					<VersionInfo>
						<VersionInfo Name="IncludeVerInfo">True</VersionInfo>
						<VersionInfo Name="AutoIncBuild">False</VersionInfo>
						<VersionInfo Name="MajorVer">1</VersionInfo>
						<VersionInfo Name="MinorVer">3</VersionInfo>
						<VersionInfo Name="Release">0</VersionInfo>
						<VersionInfo Name="Build">0</VersionInfo>
						<VersionInfo Name="Debug">False</VersionInfo>
						<VersionInfo Name="PreRelease">False</VersionInfo>
						<VersionInfo Name="Special">False</VersionInfo>
						<VersionInfo Name="Private">False</VersionInfo>
						<VersionInfo Name="DLL">False</VersionInfo>
						<VersionInfo Name="Locale">1036</VersionInfo>
						<VersionInfo Name="CodePage">1252</VersionInfo>
					</VersionInfo>
					<VersionInfoKeys>
						<VersionInfoKeys Name="CompanyName"/>
						<VersionInfoKeys Name="FileDescription"/>
						<VersionInfoKeys Name="FileVersion">1.3.0.0</VersionInfoKeys>
						<VersionInfoKeys Name="InternalName"/>
						<VersionInfoKeys Name="LegalCopyright"/>
						<VersionInfoKeys Name="LegalTrademarks"/>
						<VersionInfoKeys Name="OriginalFilename"/>
						<VersionInfoKeys Name="ProductName"/>
						<VersionInfoKeys Name="ProductVersion">1.0.0.0</VersionInfoKeys>
						<VersionInfoKeys Name="Comments"/>
					</VersionInfoKeys>
					<Source>
						<Source Name="MainSource">SMITH.dpr</Source>
					</Source>
					<Excluded_Packages>
						<Excluded_Packages Name="C:\Users\Public\Documents\RAD Studio\7.0\Bpl\IBO40VRT_D2010.bpl">IB Objects Visual Controls Runtime</Excluded_Packages>
						<Excluded_Packages Name="C:\Users\Public\Documents\RAD Studio\7.0\Bpl\IBO40CRT_D2010.bpl">IB Objects Core Runtime</Excluded_Packages>
						<Excluded_Packages Name="C:\Users\Public\Documents\RAD Studio\7.0\Bpl\IBO40ART_D2010.bpl">IB Objects Native Data Access Runtime</Excluded_Packages>
						<Excluded_Packages Name="C:\Users\Public\Documents\RAD Studio\7.0\Bpl\IBO40TRT_D2010.bpl">IB Objects Tools Runtime</Excluded_Packages>
						<Excluded_Packages Name="C:\Users\Public\Documents\RAD Studio\7.0\Bpl\IBO40FRT_D2010.bpl">IB Objects Forms &amp; Dialogs Runtime</Excluded_Packages>
						<Excluded_Packages Name="C:\Users\Public\Documents\RAD Studio\7.0\Bpl\IBO40WRT_D2010.bpl">IB Objects Internet Extensions Runtime</Excluded_Packages>
						<Excluded_Packages Name="C:\Users\Public\Documents\RAD Studio\7.0\Bpl\IBO40WSRT_D2010.bpl">IB Objects Web Snap Extensions</Excluded_Packages>
						<Excluded_Packages Name="C:\Users\Public\Documents\RAD Studio\7.0\Bpl\IBO40WXRT_D2010.bpl">IB Objects TDataset Internet Extensions Runtime</Excluded_Packages>
						<Excluded_Packages Name="C:\Users\Public\Documents\RAD Studio\7.0\Bpl\IBO40XRT_D2010.bpl">InterBase Objects TDataset Runtime</Excluded_Packages>
						<Excluded_Packages Name="$(BDS)\bin\dclie140.bpl">Internet Explorer Components</Excluded_Packages>
						<Excluded_Packages Name="$(BDS)\bin\dclmcn140.bpl">Embarcadero DataSnap Connection Components</Excluded_Packages>
						<Excluded_Packages Name="$(BDS)\bin\dclact140.bpl">Embarcadero ActionBar Components</Excluded_Packages>
						<Excluded_Packages Name="$(BDS)\bin\dclado140.bpl">Embarcadero ADO DB Components</Excluded_Packages>
						<Excluded_Packages Name="$(BDS)\bin\dclbde140.bpl">Embarcadero BDE DB Components</Excluded_Packages>
						<Excluded_Packages Name="$(BDS)\bin\dbx140.bpl">Embarcadero SQL Explorer UI Package</Excluded_Packages>
						<Excluded_Packages Name="$(BDS)\bin\applet140.bpl">Embarcadero Control Panel Applet Package</Excluded_Packages>
						<Excluded_Packages Name="$(BDS)\bin\dclemacsedit140.bpl">Embarcadero Editor Emacs Enhancements</Excluded_Packages>
						<Excluded_Packages Name="$(BDS)\Bin\dclib140.bpl">Embarcadero InterBase Express Components</Excluded_Packages>
						<Excluded_Packages Name="$(BDS)\bin\dclmlwiz140.bpl">Embarcadero Markup Language Wizards</Excluded_Packages>
						<Excluded_Packages Name="$(BDS)\bin\dclribbon140.bpl">Embarcadero Ribbon Controls</Excluded_Packages>
						<Excluded_Packages Name="$(BDS)\bin\dcltouch140.bpl">Embarcadero Touch Components</Excluded_Packages>
						<Excluded_Packages Name="$(BDS)\RaveReports\Lib\dclRave.bpl">Rave Reports 7.7 BE Package</Excluded_Packages>
						<Excluded_Packages Name="$(BDS)\bin\dcltee8140.bpl">TeeChart Standard 8 Components</Excluded_Packages>
						<Excluded_Packages Name="$(BDS)\bin\dcloffice2k140.bpl">Microsoft Office 2000 Sample Automation Server Wrapper Components</Excluded_Packages>
						<Excluded_Packages Name="$(BDS)\bin\samplevisualizers140.bpl">Embarcadero Sample Debugger Visualizers</Excluded_Packages>
					</Excluded_Packages>
					<DebugEnvironmentVariables>
						<DebugEnvironmentVariables Name="BDSPROJECTSDIR">&apos;C:\Users\Clare\Documents\RAD Studio\Projets&apos;</DebugEnvironmentVariables>
						<DebugEnvironmentVariables Name="Path">&apos;C:\Program Files (x86)\Embarcadero\RAD Studio\7.0\bin;C:\Users\Public\Documents\RAD Studio\7.0\Bpl;C:\Program Files (x86)\ActiveState Komodo Edit 7\;C:\Program Files (x86)\PHP\;C:\Program Files\Common Files\Microsoft Shared\Windows Live;C:\Program Files (x86)\Common Files\Microsoft Shared\Windows Live;C:\Program Files (x86)\NVIDIA Corporation\PhysX\Common;C:\windows\system32;C:\windows;C:\windows\System32\Wbem;C:\windows\System32\WindowsPowerShell\v1.0\;C:\Program Files (x86)\Windows Live\Shared;C:\Program Files\TortoiseSVN\bin&apos;</DebugEnvironmentVariables>
					</DebugEnvironmentVariables>
					<DebugSysEnvironmentVariables>
						<DebugSysEnvironmentVariables Name="__COMPAT_LAYER">&apos;ElevateCreateProcess&apos;</DebugSysEnvironmentVariables>
						<DebugSysEnvironmentVariables Name="ALLUSERSPROFILE">&apos;C:\ProgramData&apos;</DebugSysEnvironmentVariables>
						<DebugSysEnvironmentVariables Name="APPDATA">&apos;C:\Users\Clare\AppData\Roaming&apos;</DebugSysEnvironmentVariables>
						<DebugSysEnvironmentVariables Name="BDS">&apos;c:\program files (x86)\embarcadero\rad studio\7.0&apos;</DebugSysEnvironmentVariables>
						<DebugSysEnvironmentVariables Name="BDSAppDataBaseDir">&apos;BDS&apos;</DebugSysEnvironmentVariables>
						<DebugSysEnvironmentVariables Name="BDSCOMMONDIR">&apos;C:\Users\Public\Documents\RAD Studio\7.0&apos;</DebugSysEnvironmentVariables>
						<DebugSysEnvironmentVariables Name="BDSUSERDIR">&apos;C:\Users\Clare\Documents\RAD Studio\7.0&apos;</DebugSysEnvironmentVariables>
						<DebugSysEnvironmentVariables Name="CG_BOOST_ROOT">&apos;C:\Program Files (x86)\Embarcadero\RAD Studio\7.0\include\boost_1_39&apos;</DebugSysEnvironmentVariables>
						<DebugSysEnvironmentVariables Name="CommonProgramFiles(x86)">&apos;C:\Program Files (x86)\Common Files&apos;</DebugSysEnvironmentVariables>
						<DebugSysEnvironmentVariables Name="CommonProgramFiles">&apos;C:\Program Files (x86)\Common Files&apos;</DebugSysEnvironmentVariables>
						<DebugSysEnvironmentVariables Name="CommonProgramW6432">&apos;C:\Program Files\Common Files&apos;</DebugSysEnvironmentVariables>
						<DebugSysEnvironmentVariables Name="COMPUTERNAME">&apos;MYSTIC&apos;</DebugSysEnvironmentVariables>
						<DebugSysEnvironmentVariables Name="ComSpec">&apos;C:\windows\system32\cmd.exe&apos;</DebugSysEnvironmentVariables>
						<DebugSysEnvironmentVariables Name="configsetroot">&apos;C:\windows\ConfigSetRoot&apos;</DebugSysEnvironmentVariables>
						<DebugSysEnvironmentVariables Name="DELPHI">&apos;c:\program files (x86)\embarcadero\rad studio\7.0&apos;</DebugSysEnvironmentVariables>
						<DebugSysEnvironmentVariables Name="FP_NO_HOST_CHECK">&apos;NO&apos;</DebugSysEnvironmentVariables>
						<DebugSysEnvironmentVariables Name="HOMEDRIVE">&apos;C:&apos;</DebugSysEnvironmentVariables>
						<DebugSysEnvironmentVariables Name="HOMEPATH">&apos;\Users\Clare&apos;</DebugSysEnvironmentVariables>
						<DebugSysEnvironmentVariables Name="LOCALAPPDATA">&apos;C:\Users\Clare\AppData\Local&apos;</DebugSysEnvironmentVariables>
						<DebugSysEnvironmentVariables Name="LOGONSERVER">&apos;\\MYSTIC&apos;</DebugSysEnvironmentVariables>
						<DebugSysEnvironmentVariables Name="MOZ_PLUGIN_PATH">&apos;C:\Program Files (x86)\Nuance\PDF Reader\Bin\&apos;</DebugSysEnvironmentVariables>
						<DebugSysEnvironmentVariables Name="NUMBER_OF_PROCESSORS">&apos;8&apos;</DebugSysEnvironmentVariables>
						<DebugSysEnvironmentVariables Name="OS">&apos;Windows_NT&apos;</DebugSysEnvironmentVariables>
						<DebugSysEnvironmentVariables Name="PATHEXT">&apos;.COM;.EXE;.BAT;.CMD;.VBS;.VBE;.JS;.JSE;.WSF;.WSH;.MSC&apos;</DebugSysEnvironmentVariables>
						<DebugSysEnvironmentVariables Name="PHPRC">&apos;C:\Program Files (x86)\PHP\&apos;</DebugSysEnvironmentVariables>
						<DebugSysEnvironmentVariables Name="PROCESSOR_ARCHITECTURE">&apos;x86&apos;</DebugSysEnvironmentVariables>
						<DebugSysEnvironmentVariables Name="PROCESSOR_ARCHITEW6432">&apos;AMD64&apos;</DebugSysEnvironmentVariables>
						<DebugSysEnvironmentVariables Name="PROCESSOR_IDENTIFIER">&apos;Intel64 Family 6 Model 42 Stepping 7, GenuineIntel&apos;</DebugSysEnvironmentVariables>
						<DebugSysEnvironmentVariables Name="PROCESSOR_LEVEL">&apos;6&apos;</DebugSysEnvironmentVariables>
						<DebugSysEnvironmentVariables Name="PROCESSOR_REVISION">&apos;2a07&apos;</DebugSysEnvironmentVariables>
						<DebugSysEnvironmentVariables Name="ProgramData">&apos;C:\ProgramData&apos;</DebugSysEnvironmentVariables>
						<DebugSysEnvironmentVariables Name="ProgramFiles(x86)">&apos;C:\Program Files (x86)&apos;</DebugSysEnvironmentVariables>
						<DebugSysEnvironmentVariables Name="ProgramFiles">&apos;C:\Program Files (x86)&apos;</DebugSysEnvironmentVariables>
						<DebugSysEnvironmentVariables Name="ProgramW6432">&apos;C:\Program Files&apos;</DebugSysEnvironmentVariables>
						<DebugSysEnvironmentVariables Name="PSModulePath">&apos;C:\windows\system32\WindowsPowerShell\v1.0\Modules\&apos;</DebugSysEnvironmentVariables>
						<DebugSysEnvironmentVariables Name="PUBLIC">&apos;C:\Users\Public&apos;</DebugSysEnvironmentVariables>
						<DebugSysEnvironmentVariables Name="SESSIONNAME">&apos;Console&apos;</DebugSysEnvironmentVariables>
						<DebugSysEnvironmentVariables Name="SystemDrive">&apos;C:&apos;</DebugSysEnvironmentVariables>
						<DebugSysEnvironmentVariables Name="SystemRoot">&apos;C:\windows&apos;</DebugSysEnvironmentVariables>
						<DebugSysEnvironmentVariables Name="TEMP">&apos;C:\Users\Clare\AppData\Local\Temp&apos;</DebugSysEnvironmentVariables>
						<DebugSysEnvironmentVariables Name="TMP">&apos;C:\Users\Clare\AppData\Local\Temp&apos;</DebugSysEnvironmentVariables>
						<DebugSysEnvironmentVariables Name="USERDOMAIN">&apos;MYSTIC&apos;</DebugSysEnvironmentVariables>
						<DebugSysEnvironmentVariables Name="USERNAME">&apos;Clare&apos;</DebugSysEnvironmentVariables>
						<DebugSysEnvironmentVariables Name="USERPROFILE">&apos;C:\Users\Clare&apos;</DebugSysEnvironmentVariables>
						<DebugSysEnvironmentVariables Name="windir">&apos;C:\windows&apos;</DebugSysEnvironmentVariables>
						<DebugSysEnvironmentVariables Name="windows_tracing_flags">&apos;3&apos;</DebugSysEnvironmentVariables>
						<DebugSysEnvironmentVariables Name="windows_tracing_logfile">&apos;C:\BVTBin\Tests\installpackage\csilogfile.log&apos;</DebugSysEnvironmentVariables>
					</DebugSysEnvironmentVariables>
				</Delphi.Personality>
				<ModelSupport>False</ModelSupport>
			</BorlandProject>
			<ProjectFileVersion>12</ProjectFileVersion>
		</ProjectExtensions>
	</Project>
